
Microsoft Visual Studio Solution File, Format Version 12.00
# Visual Studio 15
VisualStudioVersion = 15.0.28307.779
MinimumVisualStudioVersion = 10.0.40219.1
Project("{FAE04EC0-301F-11D3-BF4B-00C04F79EFBC}") = "WindowsTimer", "WindowsTimer\WindowsTimer.csproj", "{3A95CF85-9EDD-4308-9D6A-B2559A1D9A42}"
EndProject
Global
	GlobalSection(SolutionConfigurationPlatforms) = preSolution
		Debug|Any CPU = Debug|Any CPU
		Release|Any CPU = Release|Any CPU
	EndGlobalSection
	GlobalSection(ProjectConfigurationPlatforms) = postSolution
		{3A95CF85-9EDD-4308-9D6A-B2559A1D9A42}.Debug|Any CPU.ActiveCfg = Debug|Any CPU
		{3A95CF85-9EDD-4308-9D6A-B2559A1D9A42}.Debug|Any CPU.Build.0 = Debug|Any CPU
		{3A95CF85-9EDD-4308-9D6A-B2559A1D9A42}.Release|Any CPU.ActiveCfg = Release|Any CPU
		{3A95CF85-9EDD-4308-9D6A-B2559A1D9A42}.Release|Any CPU.Build.0 = Release|Any CPU
	EndGlobalSection
	GlobalSection(SolutionProperties) = preSolution
		HideSolutionNode = FALSE
	EndGlobalSection
	GlobalSection(ExtensibilityGlobals) = postSolution
		SolutionGuid = {7E0028D2-849A-4B77-AD2A-FAE6A4CC2244}
	EndGlobalSection
EndGlobal
